{
  "requires": true,
  "lockfileVersion": 1,
  "dependencies": {
    "croppie": {
      "version": "2.6.3",
      "resolved": "https://registry.npmjs.org/croppie/-/croppie-2.6.3.tgz",
      "integrity": "sha512-x0EGQF5GwUTzW7igxFu0eP9UM5JsK/3y0hIiFIVjV6zLd4EMsGZDIKhh7XwppQoZMDyEun3Ge7fWlu1jzp+iuA=="
    },
    "jquery": {
      "version": "3.5.0",
      "resolved": "https://registry.npmjs.org/jquery/-/jquery-3.5.0.tgz",
      "integrity": "sha512-Xb7SVYMvygPxbFMpTFQiHh1J7HClEaThguL15N/Gg37Lri/qKyhRGZYzHRyLH8Stq3Aow0LsHO2O2ci86fCrNQ=="
    }
  }
}
